---
lockVersion: 1.0.0
dependencies:
  codeql/concepts:
    version: 0.0.7
  codeql/controlflow:
    version: 2.0.17
  codeql/dataflow:
    version: 2.0.17
  codeql/mad:
    version: 1.0.33
  codeql/python-all:
    version: 4.0.17
  codeql/python-queries:
    version: 1.6.7
  codeql/regex:
    version: 1.0.33
  codeql/ssa:
    version: 2.0.9
  codeql/suite-helpers:
    version: 1.0.33
  codeql/threat-models:
    version: 1.0.33
  codeql/tutorial:
    version: 1.0.33
  codeql/typetracking:
    version: 2.0.17
  codeql/util:
    version: 2.0.20
  codeql/xml:
    version: 1.0.33
  codeql/yaml:
    version: 1.0.33
compiled: false
